// !$*UTF8*$!
{
	archiveVersion = 1;
	classes = {
	};
	objectVersion = 51;
	objects = {

/* Begin PBXBuildFile section */
		77C782C61B230EF8BB0DF645 /* Pods_testLoginApp.framework in Frameworks */ = {isa = PBXBuildFile; fileRef = 397B0893FF8248A6BC34B149 /* Pods_testLoginApp.framework */; };
		DE0FDE9B24C4A4350049C021 /* AppDelegate.swift in Sources */ = {isa = PBXBuildFile; fileRef = DE0FDE9A24C4A4350049C021 /* AppDelegate.swift */; };
		DE0FDE9D24C4A4350049C021 /* SceneDelegate.swift in Sources */ = {isa = PBXBuildFile; fileRef = DE0FDE9C24C4A4350049C021 /* SceneDelegate.swift */; };
		DE0FDE9F24C4A4350049C021 /* ViewController.swift in Sources */ = {isa = PBXBuildFile; fileRef = DE0FDE9E24C4A4350049C021 /* ViewController.swift */; };
		DE0FDEA224C4A4350049C021 /* Main.storyboard in Resources */ = {isa = PBXBuildFile; fileRef = DE0FDEA024C4A4350049C021 /* Main.storyboard */; };
		DE0FDEA424C4A43E0049C021 /* Assets.xcassets in Resources */ = {isa = PBXBuildFile; fileRef = DE0FDEA324C4A43E0049C021 /* Assets.xcassets */; };
		DE0FDEA724C4A43E0049C021 /* LaunchScreen.storyboard in Resources */ = {isa = PBXBuildFile; fileRef = DE0FDEA524C4A43E0049C021 /* LaunchScreen.storyboard */; };
		DE0FDEAF24C4AC010049C021 /* GoogleService-Info.plist in Resources */ = {isa = PBXBuildFile; fileRef = DE0FDEAE24C4AC010049C021 /* GoogleService-Info.plist */; };
		DE0FDEB124C585750049C021 /* AuthViewController.swift in Sources */ = {isa = PBXBuildFile; fileRef = DE0FDEB024C585750049C021 /* AuthViewController.swift */; };
		DE1F5DC224C7624500708458 /* LoginFB.swift in Sources */ = {isa = PBXBuildFile; fileRef = DE1F5DC124C7624500708458 /* LoginFB.swift */; };
		DE1F5DC424C7704C00708458 /* LoginGoogle.swift in Sources */ = {isa = PBXBuildFile; fileRef = DE1F5DC324C7704C00708458 /* LoginGoogle.swift */; };
/* End PBXBuildFile section */

/* Begin PBXFileReference section */
		397B0893FF8248A6BC34B149 /* Pods_testLoginApp.framework */ = {isa = PBXFileReference; explicitFileType = wrapper.framework; includeInIndex = 0; path = Pods_testLoginApp.framework; sourceTree = BUILT_PRODUCTS_DIR; };
		A4CFA54FCF07B4257ECB4E96 /* Pods-testLoginApp.debug.xcconfig */ = {isa = PBXFileReference; includeInIndex = 1; lastKnownFileType = text.xcconfig; name = "Pods-testLoginApp.debug.xcconfig"; path = "Target Support Files/Pods-testLoginApp/Pods-testLoginApp.debug.xcconfig"; sourceTree = "<group>"; };
		DE0FDE9724C4A4350049C021 /* testLoginApp.app */ = {isa = PBXFileReference; explicitFileType = wrapper.application; includeInIndex = 0; path = testLoginApp.app; sourceTree = BUILT_PRODUCTS_DIR; };
		DE0FDE9A24C4A4350049C021 /* AppDelegate.swift */ = {isa = PBXFileReference; lastKnownFileType = sourcecode.swift; path = AppDelegate.swift; sourceTree = "<group>"; };
		DE0FDE9C24C4A4350049C021 /* SceneDelegate.swift */ = {isa = PBXFileReference; lastKnownFileType = sourcecode.swift; path = SceneDelegate.swift; sourceTree = "<group>"; };
		DE0FDE9E24C4A4350049C021 /* ViewController.swift */ = {isa = PBXFileReference; lastKnownFileType = sourcecode.swift; path = ViewController.swift; sourceTree = "<group>"; };
		DE0FDEA124C4A4350049C021 /* Base */ = {isa = PBXFileReference; lastKnownFileType = file.storyboard; name = Base; path = Base.lproj/Main.storyboard; sourceTree = "<group>"; };
		DE0FDEA324C4A43E0049C021 /* Assets.xcassets */ = {isa = PBXFileReference; lastKnownFileType = folder.assetcatalog; path = Assets.xcassets; sourceTree = "<group>"; };
		DE0FDEA624C4A43E0049C021 /* Base */ = {isa = PBXFileReference; lastKnownFileType = file.storyboard; name = Base; path = Base.lproj/LaunchScreen.storyboard; sourceTree = "<group>"; };
		DE0FDEA824C4A43E0049C021 /* Info.plist */ = {isa = PBXFileReference; lastKnownFileType = text.plist.xml; path = Info.plist; sourceTree = "<group>"; };
		DE0FDEAE24C4AC010049C021 /* GoogleService-Info.plist */ = {isa = PBXFileReference; fileEncoding = 4; lastKnownFileType = text.plist.xml; path = "GoogleService-Info.plist"; sourceTree = "<group>"; };
		DE0FDEB024C585750049C021 /* AuthViewController.swift */ = {isa = PBXFileReference; lastKnownFileType = sourcecode.swift; path = AuthViewController.swift; sourceTree = "<group>"; };
		DE1F5DC124C7624500708458 /* LoginFB.swift */ = {isa = PBXFileReference; lastKnownFileType = sourcecode.swift; path = LoginFB.swift; sourceTree = "<group>"; };
		DE1F5DC324C7704C00708458 /* LoginGoogle.swift */ = {isa = PBXFileReference; lastKnownFileType = sourcecode.swift; path = LoginGoogle.swift; sourceTree = "<group>"; };
		E30DA3CDBD751BFD3F6CF45E /* Pods-testLoginApp.release.xcconfig */ = {isa = PBXFileReference; includeInIndex = 1; lastKnownFileType = text.xcconfig; name = "Pods-testLoginApp.release.xcconfig"; path = "Target Support Files/Pods-testLoginApp/Pods-testLoginApp.release.xcconfig"; sourceTree = "<group>"; };
/* End PBXFileReference section */

/* Begin PBXFrameworksBuildPhase section */
		DE0FDE9424C4A4350049C021 /* Frameworks */ = {
			isa = PBXFrameworksBuildPhase;
			buildActionMask = 2147483647;
			files = (
				77C782C61B230EF8BB0DF645 /* Pods_testLoginApp.framework in Frameworks */,
			);
			runOnlyForDeploymentPostprocessing = 0;
		};
/* End PBXFrameworksBuildPhase section */

/* Begin PBXGroup section */
		DE0FDE8E24C4A4350049C021 = {
			isa = PBXGroup;
			children = (
				DE0FDE9924C4A4350049C021 /* testLoginApp */,
				DE0FDE9824C4A4350049C021 /* Products */,
				E7599F478F69C601C5929BF1 /* Pods */,
				FBBB0915CA0EC9CCBA5AA268 /* Frameworks */,
			);
			sourceTree = "<group>";
		};
		DE0FDE9824C4A4350049C021 /* Products */ = {
			isa = PBXGroup;
			children = (
				DE0FDE9724C4A4350049C021 /* testLoginApp.app */,
			);
			name = Products;
			sourceTree = "<group>";
		};
		DE0FDE9924C4A4350049C021 /* testLoginApp */ = {
			isa = PBXGroup;
			children = (
				DE0FDEA824C4A43E0049C021 /* Info.plist */,
				DE1F5DBC24C7070D00708458 /* Classes */,
				DE1F5DBD24C7072900708458 /* Resources */,
			);
			path = testLoginApp;
			sourceTree = "<group>";
		};
		DE1F5DBC24C7070D00708458 /* Classes */ = {
			isa = PBXGroup;
			children = (
				DE0FDE9E24C4A4350049C021 /* ViewController.swift */,
				DE0FDE9C24C4A4350049C021 /* SceneDelegate.swift */,
				DE0FDE9A24C4A4350049C021 /* AppDelegate.swift */,
				DE1F5DC524C7843000708458 /* Auth */,
			);
			name = Classes;
			sourceTree = "<group>";
		};
		DE1F5DBD24C7072900708458 /* Resources */ = {
			isa = PBXGroup;
			children = (
				DE1F5DC024C7078800708458 /* Test */,
				DE1F5DBF24C7075000708458 /* Assets */,
				DE1F5DBE24C7073E00708458 /* Storyboard */,
			);
			path = Resources;
			sourceTree = "<group>";
		};
		DE1F5DBE24C7073E00708458 /* Storyboard */ = {
			isa = PBXGroup;
			children = (
				DE0FDEA524C4A43E0049C021 /* LaunchScreen.storyboard */,
				DE0FDEA024C4A4350049C021 /* Main.storyboard */,
			);
			name = Storyboard;
			path = ..;
			sourceTree = "<group>";
		};
		DE1F5DBF24C7075000708458 /* Assets */ = {
			isa = PBXGroup;
			children = (
				DE0FDEA324C4A43E0049C021 /* Assets.xcassets */,
			);
			name = Assets;
			path = ..;
			sourceTree = "<group>";
		};
		DE1F5DC024C7078800708458 /* Test */ = {
			isa = PBXGroup;
			children = (
				DE0FDEAE24C4AC010049C021 /* GoogleService-Info.plist */,
			);
			name = Test;
			sourceTree = "<group>";
		};
		DE1F5DC524C7843000708458 /* Auth */ = {
			isa = PBXGroup;
			children = (
				DE0FDEB024C585750049C021 /* AuthViewController.swift */,
				DE1F5DC124C7624500708458 /* LoginFB.swift */,
				DE1F5DC324C7704C00708458 /* LoginGoogle.swift */,
			);
			path = Auth;
			sourceTree = "<group>";
		};
		E7599F478F69C601C5929BF1 /* Pods */ = {
			isa = PBXGroup;
			children = (
				A4CFA54FCF07B4257ECB4E96 /* Pods-testLoginApp.debug.xcconfig */,
				E30DA3CDBD751BFD3F6CF45E /* Pods-testLoginApp.release.xcconfig */,
			);
			path = Pods;
			sourceTree = "<group>";
		};
		FBBB0915CA0EC9CCBA5AA268 /* Frameworks */ = {
			isa = PBXGroup;
			children = (
				397B0893FF8248A6BC34B149 /* Pods_testLoginApp.framework */,
			);
			name = Frameworks;
			sourceTree = "<group>";
		};
/* End PBXGroup section */

/* Begin PBXNativeTarget section */
		DE0FDE9624C4A4350049C021 /* testLoginApp */ = {
			isa = PBXNativeTarget;
			buildConfigurationList = DE0FDEAB24C4A43E0049C021 /* Build configuration list for PBXNativeTarget "testLoginApp" */;
			buildPhases = (
				5E1E4FBB2DF4DE2D67012214 /* [CP] Check Pods Manifest.lock */,
				DE0FDE9324C4A4350049C021 /* Sources */,
				DE0FDE9424C4A4350049C021 /* Frameworks */,
				DE0FDE9524C4A4350049C021 /* Resources */,
				3F2C6164AB016E4A171ACD94 /* [CP] Embed Pods Frameworks */,
				1159D967CE0B7FE2F914609B /* [CP] Copy Pods Resources */,
			);
			buildRules = (
			);
			dependencies = (
			);
			name = testLoginApp;
			productName = testLoginApp;
			productReference = DE0FDE9724C4A4350049C021 /* testLoginApp.app */;
			productType = "com.apple.product-type.application";
		};
/* End PBXNativeTarget section */

/* Begin PBXProject section */
		DE0FDE8F24C4A4350049C021 /* Project object */ = {
			isa = PBXProject;
			attributes = {
				LastSwiftUpdateCheck = 1160;
				LastUpgradeCheck = 1160;
				ORGANIZATIONNAME = "Андрий Пристайко";
				TargetAttributes = {
					DE0FDE9624C4A4350049C021 = {
						CreatedOnToolsVersion = 11.6;
					};
				};
			};
			buildConfigurationList = DE0FDE9224C4A4350049C021 /* Build configuration list for PBXProject "testLoginApp" */;
			compatibilityVersion = "Xcode 9.3";
			developmentRegion = en;
			hasScannedForEncodings = 0;
			knownRegions = (
				en,
				Base,
			);
			mainGroup = DE0FDE8E24C4A4350049C021;
			productRefGroup = DE0FDE9824C4A4350049C021 /* Products */;
			projectDirPath = "";
			projectRoot = "";
			targets = (
				DE0FDE9624C4A4350049C021 /* testLoginApp */,
			);
		};
/* End PBXProject section */

/* Begin PBXResourcesBuildPhase section */
		DE0FDE9524C4A4350049C021 /* Resources */ = {
			isa = PBXResourcesBuildPhase;
			buildActionMask = 2147483647;
			files = (
				DE0FDEA724C4A43E0049C021 /* LaunchScreen.storyboard in Resources */,
				DE0FDEAF24C4AC010049C021 /* GoogleService-Info.plist in Resources */,
				DE0FDEA424C4A43E0049C021 /* Assets.xcassets in Resources */,
				DE0FDEA224C4A4350049C021 /* Main.storyboard in Resources */,
			);
			runOnlyForDeploymentPostprocessing = 0;
		};
/* End PBXResourcesBuildPhase section */

/* Begin PBXShellScriptBuildPhase section */
		1159D967CE0B7FE2F914609B /* [CP] Copy Pods Resources */ = {
			isa = PBXShellScriptBuildPhase;
			buildActionMask = 2147483647;
			files = (
			);
			inputFileListPaths = (
				"${PODS_ROOT}/Target Support Files/Pods-testLoginApp/Pods-testLoginApp-resources-${CONFIGURATION}-input-files.xcfilelist",
			);
			name = "[CP] Copy Pods Resources";
			outputFileListPaths = (
				"${PODS_ROOT}/Target Support Files/Pods-testLoginApp/Pods-testLoginApp-resources-${CONFIGURATION}-output-files.xcfilelist",
			);
			runOnlyForDeploymentPostprocessing = 0;
			shellPath = /bin/sh;
			shellScript = "\"${PODS_ROOT}/Target Support Files/Pods-testLoginApp/Pods-testLoginApp-resources.sh\"\n";
			showEnvVarsInLog = 0;
		};
		3F2C6164AB016E4A171ACD94 /* [CP] Embed Pods Frameworks */ = {
			isa = PBXShellScriptBuildPhase;
			buildActionMask = 2147483647;
			files = (
			);
			inputFileListPaths = (
				"${PODS_ROOT}/Target Support Files/Pods-testLoginApp/Pods-testLoginApp-frameworks-${CONFIGURATION}-input-files.xcfilelist",
			);
			name = "[CP] Embed Pods Frameworks";
			outputFileListPaths = (
				"${PODS_ROOT}/Target Support Files/Pods-testLoginApp/Pods-testLoginApp-frameworks-${CONFIGURATION}-output-files.xcfilelist",
			);
			runOnlyForDeploymentPostprocessing = 0;
			shellPath = /bin/sh;
			shellScript = "\"${PODS_ROOT}/Target Support Files/Pods-testLoginApp/Pods-testLoginApp-frameworks.sh\"\n";
			showEnvVarsInLog = 0;
		};
		5E1E4FBB2DF4DE2D67012214 /* [CP] Check Pods Manifest.lock */ = {
			isa = PBXShellScriptBuildPhase;
			buildActionMask = 2147483647;
			files = (
			);
			inputFileListPaths = (
			);
			inputPaths = (
				"${PODS_PODFILE_DIR_PATH}/Podfile.lock",
				"${PODS_ROOT}/Manifest.lock",
			);
			name = "[CP] Check Pods Manifest.lock";
			outputFileListPaths = (
			);
			outputPaths = (
				"$(DERIVED_FILE_DIR)/Pods-testLoginApp-checkManifestLockResult.txt",
			);
			runOnlyForDeploymentPostprocessing = 0;
			shellPath = /bin/sh;
			shellScript = "diff \"${PODS_PODFILE_DIR_PATH}/Podfile.lock\" \"${PODS_ROOT}/Manifest.lock\" > /dev/null\nif [ $? != 0 ] ; then\n    # print error to STDERR\n    echo \"error: The sandbox is not in sync with the Podfile.lock. Run 'pod install' or update your CocoaPods installation.\" >&2\n    exit 1\nfi\n# This output is used by Xcode 'outputs' to avoid re-running this script phase.\necho \"SUCCESS\" > \"${SCRIPT_OUTPUT_FILE_0}\"\n";
			showEnvVarsInLog = 0;
		};
/* End PBXShellScriptBuildPhase section */

/* Begin PBXSourcesBuildPhase section */
		DE0FDE9324C4A4350049C021 /* Sources */ = {
			isa = PBXSourcesBuildPhase;
			buildActionMask = 2147483647;
			files = (
				DE0FDEB124C585750049C021 /* AuthViewController.swift in Sources */,
				DE0FDE9F24C4A4350049C021 /* ViewController.swift in Sources */,
				DE1F5DC224C7624500708458 /* LoginFB.swift in Sources */,
				DE0FDE9B24C4A4350049C021 /* AppDelegate.swift in Sources */,
				DE1F5DC424C7704C00708458 /* LoginGoogle.swift in Sources */,
				DE0FDE9D24C4A4350049C021 /* SceneDelegate.swift in Sources */,
			);
			runOnlyForDeploymentPostprocessing = 0;
		};
/* End PBXSourcesBuildPhase section */

/* Begin PBXVariantGroup section */
		DE0FDEA024C4A4350049C021 /* Main.storyboard */ = {
			isa = PBXVariantGroup;
			children = (
				DE0FDEA124C4A4350049C021 /* Base */,
			);
			name = Main.storyboard;
			sourceTree = "<group>";
		};
		DE0FDEA524C4A43E0049C021 /* LaunchScreen.storyboard */ = {
			isa = PBXVariantGroup;
			children = (
				DE0FDEA624C4A43E0049C021 /* Base */,
			);
			name = LaunchScreen.storyboard;
			sourceTree = "<group>";
		};
/* End PBXVariantGroup section */

/* Begin XCBuildConfiguration section */
		DE0FDEA924C4A43E0049C021 /* Debug */ = {
			isa = XCBuildConfiguration;
			buildSettings = {
				ALWAYS_SEARCH_USER_PATHS = NO;
				CLANG_ANALYZER_NONNULL = YES;
				CLANG_ANALYZER_NUMBER_OBJECT_CONVERSION = YES_AGGRESSIVE;
				CLANG_CXX_LANGUAGE_STANDARD = "gnu++14";
				CLANG_CXX_LIBRARY = "libc++";
				CLANG_ENABLE_MODULES = YES;
				CLANG_ENABLE_OBJC_ARC = YES;
				CLANG_ENABLE_OBJC_WEAK = YES;
				CLANG_WARN_BLOCK_CAPTURE_AUTORELEASING = YES;
				CLANG_WARN_BOOL_CONVERSION = YES;
				CLANG_WARN_COMMA = YES;
				CLANG_WARN_CONSTANT_CONVERSION = YES;
				CLANG_WARN_DEPRECATED_OBJC_IMPLEMENTATIONS = YES;
				CLANG_WARN_DIRECT_OBJC_ISA_USAGE = YES_ERROR;
				CLANG_WARN_DOCUMENTATION_COMMENTS = YES;
				CLANG_WARN_EMPTY_BODY = YES;
				CLANG_WARN_ENUM_CONVERSION = YES;
				CLANG_WARN_INFINITE_RECURSION = YES;
				CLANG_WARN_INT_CONVERSION = YES;
				CLANG_WARN_NON_LITERAL_NULL_CONVERSION = YES;
				CLANG_WARN_OBJC_IMPLICIT_RETAIN_SELF = YES;
				CLANG_WARN_OBJC_LITERAL_CONVERSION = YES;
				CLANG_WARN_OBJC_ROOT_CLASS = YES_ERROR;
				CLANG_WARN_RANGE_LOOP_ANALYSIS = YES;
				CLANG_WARN_STRICT_PROTOTYPES = YES;
				CLANG_WARN_SUSPICIOUS_MOVE = YES;
				CLANG_WARN_UNGUARDED_AVAILABILITY = YES_AGGRESSIVE;
				CLANG_WARN_UNREACHABLE_CODE = YES;
				CLANG_WARN__DUPLICATE_METHOD_MATCH = YES;
				COPY_PHASE_STRIP = NO;
				DEBUG_INFORMATION_FORMAT = dwarf;
				ENABLE_STRICT_OBJC_MSGSEND = YES;
				ENABLE_TESTABILITY = YES;
				GCC_C_LANGUAGE_STANDARD = gnu11;
				GCC_DYNAMIC_NO_PIC = NO;
				GCC_NO_COMMON_BLOCKS = YES;
				GCC_OPTIMIZATION_LEVEL = 0;
				GCC_PREPROCESSOR_DEFINITIONS = (
					"DEBUG=1",
					"$(inherited)",
				);
				GCC_WARN_64_TO_32_BIT_CONVERSION = YES;
				GCC_WARN_ABOUT_RETURN_TYPE = YES_ERROR;
				GCC_WARN_UNDECLARED_SELECTOR = YES;
				GCC_WARN_UNINITIALIZED_AUTOS = YES_AGGRESSIVE;
				GCC_WARN_UNUSED_FUNCTION = YES;
				GCC_WARN_UNUSED_VARIABLE = YES;
				IPHONEOS_DEPLOYMENT_TARGET = 13.6;
				MTL_ENABLE_DEBUG_INFO = INCLUDE_SOURCE;
				MTL_FAST_MATH = YES;
				ONLY_ACTIVE_ARCH = YES;
				SDKROOT = iphoneos;
				SWIFT_ACTIVE_COMPILATION_CONDITIONS = DEBUG;
				SWIFT_OPTIMIZATION_LEVEL = "-Onone";
			};
			name = Debug;
		};
		DE0FDEAA24C4A43E0049C021 /* Release */ = {
			isa = XCBuildConfiguration;
			buildSettings = {
				ALWAYS_SEARCH_USER_PATHS = NO;
				CLANG_ANALYZER_NONNULL = YES;
				CLANG_ANALYZER_NUMBER_OBJECT_CONVERSION = YES_AGGRESSIVE;
				CLANG_CXX_LANGUAGE_STANDARD = "gnu++14";
				CLANG_CXX_LIBRARY = "libc++";
				CLANG_ENABLE_MODULES = YES;
				CLANG_ENABLE_OBJC_ARC = YES;
				CLANG_ENABLE_OBJC_WEAK = YES;
				CLANG_WARN_BLOCK_CAPTURE_AUTORELEASING = YES;
				CLANG_WARN_BOOL_CONVERSION = YES;
				CLANG_WARN_COMMA = YES;
				CLANG_WARN_CONSTANT_CONVERSION = YES;
				CLANG_WARN_DEPRECATED_OBJC_IMPLEMENTATIONS = YES;
				CLANG_WARN_DIRECT_OBJC_ISA_USAGE = YES_ERROR;
				CLANG_WARN_DOCUMENTATION_COMMENTS = YES;
				CLANG_WARN_EMPTY_BODY = YES;
				CLANG_WARN_ENUM_CONVERSION = YES;
				CLANG_WARN_INFINITE_RECURSION = YES;
				CLANG_WARN_INT_CONVERSION = YES;
				CLANG_WARN_NON_LITERAL_NULL_CONVERSION = YES;
				CLANG_WARN_OBJC_IMPLICIT_RETAIN_SELF = YES;
				CLANG_WARN_OBJC_LITERAL_CONVERSION = YES;
				CLANG_WARN_OBJC_ROOT_CLASS = YES_ERROR;
				CLANG_WARN_RANGE_LOOP_ANALYSIS = YES;
				CLANG_WARN_STRICT_PROTOTYPES = YES;
				CLANG_WARN_SUSPICIOUS_MOVE = YES;
				CLANG_WARN_UNGUARDED_AVAILABILITY = YES_AGGRESSIVE;
				CLANG_WARN_UNREACHABLE_CODE = YES;
				CLANG_WARN__DUPLICATE_METHOD_MATCH = YES;
				COPY_PHASE_STRIP = NO;
				DEBUG_INFORMATION_FORMAT = "dwarf-with-dsym";
				ENABLE_NS_ASSERTIONS = NO;
				ENABLE_STRICT_OBJC_MSGSEND = YES;
				GCC_C_LANGUAGE_STANDARD = gnu11;
				GCC_NO_COMMON_BLOCKS = YES;
				GCC_WARN_64_TO_32_BIT_CONVERSION = YES;
				GCC_WARN_ABOUT_RETURN_TYPE = YES_ERROR;
				GCC_WARN_UNDECLARED_SELECTOR = YES;
				GCC_WARN_UNINITIALIZED_AUTOS = YES_AGGRESSIVE;
				GCC_WARN_UNUSED_FUNCTION = YES;
				GCC_WARN_UNUSED_VARIABLE = YES;
				IPHONEOS_DEPLOYMENT_TARGET = 13.6;
				MTL_ENABLE_DEBUG_INFO = NO;
				MTL_FAST_MATH = YES;
				SDKROOT = iphoneos;
				SWIFT_COMPILATION_MODE = wholemodule;
				SWIFT_OPTIMIZATION_LEVEL = "-O";
				VALIDATE_PRODUCT = YES;
			};
			name = Release;
		};
		DE0FDEAC24C4A43E0049C021 /* Debug */ = {
			isa = XCBuildConfiguration;
			baseConfigurationReference = A4CFA54FCF07B4257ECB4E96 /* Pods-testLoginApp.debug.xcconfig */;
			buildSettings = {
				ASSETCATALOG_COMPILER_APPICON_NAME = AppIcon;
				CODE_SIGN_STYLE = Automatic;
				INFOPLIST_FILE = testLoginApp/Info.plist;
				LD_RUNPATH_SEARCH_PATHS = (
					"$(inherited)",
					"@executable_path/Frameworks",
				);
				PRODUCT_BUNDLE_IDENTIFIER = com.AppMy.testLoginApp;
				PRODUCT_NAME = "$(TARGET_NAME)";
				SWIFT_VERSION = 5.0;
				TARGETED_DEVICE_FAMILY = "1,2";
			};
			name = Debug;
		};
		DE0FDEAD24C4A43E0049C021 /* Release */ = {
			isa = XCBuildConfiguration;
			baseConfigurationReference = E30DA3CDBD751BFD3F6CF45E /* Pods-testLoginApp.release.xcconfig */;
			buildSettings = {
				ASSETCATALOG_COMPILER_APPICON_NAME = AppIcon;
				CODE_SIGN_STYLE = Automatic;
				INFOPLIST_FILE = testLoginApp/Info.plist;
				LD_RUNPATH_SEARCH_PATHS = (
					"$(inherited)",
					"@executable_path/Frameworks",
				);
				PRODUCT_BUNDLE_IDENTIFIER = com.AppMy.testLoginApp;
				PRODUCT_NAME = "$(TARGET_NAME)";
				SWIFT_VERSION = 5.0;
				TARGETED_DEVICE_FAMILY = "1,2";
			};
			name = Release;
		};
/* End XCBuildConfiguration section */

/* Begin XCConfigurationList section */
		DE0FDE9224C4A4350049C021 /* Build configuration list for PBXProject "testLoginApp" */ = {
			isa = XCConfigurationList;
			buildConfigurations = (
				DE0FDEA924C4A43E0049C021 /* Debug */,
				DE0FDEAA24C4A43E0049C021 /* Release */,
			);
			defaultConfigurationIsVisible = 0;
			defaultConfigurationName = Release;
		};
		DE0FDEAB24C4A43E0049C021 /* Build configuration list for PBXNativeTarget "testLoginApp" */ = {
			isa = XCConfigurationList;
			buildConfigurations = (
				DE0FDEAC24C4A43E0049C021 /* Debug */,
				DE0FDEAD24C4A43E0049C021 /* Release */,
			);
			defaultConfigurationIsVisible = 0;
			defaultConfigurationName = Release;
		};
/* End XCConfigurationList section */
	};
	rootObject = DE0FDE8F24C4A4350049C021 /* Project object */;
}
